
Microsoft Visual Studio Solution File, Format Version 12.00
# Visual Studio 15
VisualStudioVersion = 15.0.27004.2002
MinimumVisualStudioVersion = 10.0.40219.1
Project("{FAE04EC0-301F-11D3-BF4B-00C04F79EFBC}") = "Conditional Oper", "Conditional Oper\Conditional Oper.csproj", "{A4A085E9-4725-4D81-AFBE-83BB5808A591}"
EndProject
Global
	GlobalSection(SolutionConfigurationPlatforms) = preSolution
		Debug|Any CPU = Debug|Any CPU
		Release|Any CPU = Release|Any CPU
	EndGlobalSection
	GlobalSection(ProjectConfigurationPlatforms) = postSolution
		{A4A085E9-4725-4D81-AFBE-83BB5808A591}.Debug|Any CPU.ActiveCfg = Debug|Any CPU
		{A4A085E9-4725-4D81-AFBE-83BB5808A591}.Debug|Any CPU.Build.0 = Debug|Any CPU
		{A4A085E9-4725-4D81-AFBE-83BB5808A591}.Release|Any CPU.ActiveCfg = Release|Any CPU
		{A4A085E9-4725-4D81-AFBE-83BB5808A591}.Release|Any CPU.Build.0 = Release|Any CPU
	EndGlobalSection
	GlobalSection(SolutionProperties) = preSolution
		HideSolutionNode = FALSE
	EndGlobalSection
	GlobalSection(ExtensibilityGlobals) = postSolution
		SolutionGuid = {FF84872D-0289-4951-819E-5326D9311985}
	EndGlobalSection
EndGlobal
