
Microsoft Visual Studio Solution File, Format Version 12.00
# Visual Studio 15
VisualStudioVersion = 15.0.27004.2002
MinimumVisualStudioVersion = 10.0.40219.1
Project("{FAE04EC0-301F-11D3-BF4B-00C04F79EFBC}") = "If Else", "If Else\If Else.csproj", "{DF395F2C-21F1-4473-97E7-44102CBCADFB}"
EndProject
Global
	GlobalSection(SolutionConfigurationPlatforms) = preSolution
		Debug|Any CPU = Debug|Any CPU
		Release|Any CPU = Release|Any CPU
	EndGlobalSection
	GlobalSection(ProjectConfigurationPlatforms) = postSolution
		{DF395F2C-21F1-4473-97E7-44102CBCADFB}.Debug|Any CPU.ActiveCfg = Debug|Any CPU
		{DF395F2C-21F1-4473-97E7-44102CBCADFB}.Debug|Any CPU.Build.0 = Debug|Any CPU
		{DF395F2C-21F1-4473-97E7-44102CBCADFB}.Release|Any CPU.ActiveCfg = Release|Any CPU
		{DF395F2C-21F1-4473-97E7-44102CBCADFB}.Release|Any CPU.Build.0 = Release|Any CPU
	EndGlobalSection
	GlobalSection(SolutionProperties) = preSolution
		HideSolutionNode = FALSE
	EndGlobalSection
	GlobalSection(ExtensibilityGlobals) = postSolution
		SolutionGuid = {0642D947-41E8-47F0-BD33-8DB80C310F75}
	EndGlobalSection
EndGlobal
