
Microsoft Visual Studio Solution File, Format Version 12.00
# Visual Studio 15
VisualStudioVersion = 15.0.27004.2002
MinimumVisualStudioVersion = 10.0.40219.1
Project("{FAE04EC0-301F-11D3-BF4B-00C04F79EFBC}") = "For each loop", "For each loop\For each loop.csproj", "{BAC1A24F-5E58-49E5-BE93-E81B5D475628}"
EndProject
Global
	GlobalSection(SolutionConfigurationPlatforms) = preSolution
		Debug|Any CPU = Debug|Any CPU
		Release|Any CPU = Release|Any CPU
	EndGlobalSection
	GlobalSection(ProjectConfigurationPlatforms) = postSolution
		{BAC1A24F-5E58-49E5-BE93-E81B5D475628}.Debug|Any CPU.ActiveCfg = Debug|Any CPU
		{BAC1A24F-5E58-49E5-BE93-E81B5D475628}.Debug|Any CPU.Build.0 = Debug|Any CPU
		{BAC1A24F-5E58-49E5-BE93-E81B5D475628}.Release|Any CPU.ActiveCfg = Release|Any CPU
		{BAC1A24F-5E58-49E5-BE93-E81B5D475628}.Release|Any CPU.Build.0 = Release|Any CPU
	EndGlobalSection
	GlobalSection(SolutionProperties) = preSolution
		HideSolutionNode = FALSE
	EndGlobalSection
	GlobalSection(ExtensibilityGlobals) = postSolution
		SolutionGuid = {55D4D0FD-87DD-47D7-845C-3309E7105B48}
	EndGlobalSection
EndGlobal
