
Microsoft Visual Studio Solution File, Format Version 12.00
# Visual Studio 15
VisualStudioVersion = 15.0.27004.2002
MinimumVisualStudioVersion = 10.0.40219.1
Project("{FAE04EC0-301F-11D3-BF4B-00C04F79EFBC}") = "Method Para", "Method Para\Method Para.csproj", "{967026FC-E2C8-4F64-9298-9797EF660453}"
EndProject
Global
	GlobalSection(SolutionConfigurationPlatforms) = preSolution
		Debug|Any CPU = Debug|Any CPU
		Release|Any CPU = Release|Any CPU
	EndGlobalSection
	GlobalSection(ProjectConfigurationPlatforms) = postSolution
		{967026FC-E2C8-4F64-9298-9797EF660453}.Debug|Any CPU.ActiveCfg = Debug|Any CPU
		{967026FC-E2C8-4F64-9298-9797EF660453}.Debug|Any CPU.Build.0 = Debug|Any CPU
		{967026FC-E2C8-4F64-9298-9797EF660453}.Release|Any CPU.ActiveCfg = Release|Any CPU
		{967026FC-E2C8-4F64-9298-9797EF660453}.Release|Any CPU.Build.0 = Release|Any CPU
	EndGlobalSection
	GlobalSection(SolutionProperties) = preSolution
		HideSolutionNode = FALSE
	EndGlobalSection
	GlobalSection(ExtensibilityGlobals) = postSolution
		SolutionGuid = {6D14937B-D810-42F9-83B8-187DF6AF3A78}
	EndGlobalSection
EndGlobal
