
Microsoft Visual Studio Solution File, Format Version 12.00
# Visual Studio 15
VisualStudioVersion = 15.0.27004.2002
MinimumVisualStudioVersion = 10.0.40219.1
Project("{FAE04EC0-301F-11D3-BF4B-00C04F79EFBC}") = "Out keyword", "Out keyword\Out keyword.csproj", "{17C018B8-960B-4A3D-8CFC-D8E394551CAC}"
EndProject
Global
	GlobalSection(SolutionConfigurationPlatforms) = preSolution
		Debug|Any CPU = Debug|Any CPU
		Release|Any CPU = Release|Any CPU
	EndGlobalSection
	GlobalSection(ProjectConfigurationPlatforms) = postSolution
		{17C018B8-960B-4A3D-8CFC-D8E394551CAC}.Debug|Any CPU.ActiveCfg = Debug|Any CPU
		{17C018B8-960B-4A3D-8CFC-D8E394551CAC}.Debug|Any CPU.Build.0 = Debug|Any CPU
		{17C018B8-960B-4A3D-8CFC-D8E394551CAC}.Release|Any CPU.ActiveCfg = Release|Any CPU
		{17C018B8-960B-4A3D-8CFC-D8E394551CAC}.Release|Any CPU.Build.0 = Release|Any CPU
	EndGlobalSection
	GlobalSection(SolutionProperties) = preSolution
		HideSolutionNode = FALSE
	EndGlobalSection
	GlobalSection(ExtensibilityGlobals) = postSolution
		SolutionGuid = {3CB7389E-4395-4212-8E62-525301A1509D}
	EndGlobalSection
EndGlobal
